// !$*UTF8*$!
{
	archiveVersion = 1;
	classes = {
	};
	objectVersion = 46;
	objects = {

/* Begin PBXBuildFile section */
		2C3E6BC41C87DFAA00EEF35E /* main.m in Sources */ = {isa = PBXBuildFile; fileRef = 2C3E6BC31C87DFAA00EEF35E /* main.m */; };
		2C3E6BC71C87DFAA00EEF35E /* AppDelegate.m in Sources */ = {isa = PBXBuildFile; fileRef = 2C3E6BC61C87DFAA00EEF35E /* AppDelegate.m */; };
		2C3E6BCA1C87DFAA00EEF35E /* ViewController.m in Sources */ = {isa = PBXBuildFile; fileRef = 2C3E6BC91C87DFAA00EEF35E /* ViewController.m */; };
		2C3E6BCD1C87DFAA00EEF35E /* Main.storyboard in Resources */ = {isa = PBXBuildFile; fileRef = 2C3E6BCB1C87DFAA00EEF35E /* Main.storyboard */; };
		2C3E6BCF1C87DFAB00EEF35E /* Assets.xcassets in Resources */ = {isa = PBXBuildFile; fileRef = 2C3E6BCE1C87DFAB00EEF35E /* Assets.xcassets */; };
		2C3E6BD21C87DFAB00EEF35E /* LaunchScreen.storyboard in Resources */ = {isa = PBXBuildFile; fileRef = 2C3E6BD01C87DFAB00EEF35E /* LaunchScreen.storyboard */; };
		2C3E6BDD1C87DFAB00EEF35E /* YHCollectionTests.m in Sources */ = {isa = PBXBuildFile; fileRef = 2C3E6BDC1C87DFAB00EEF35E /* YHCollectionTests.m */; };
		2C3E6BE81C87DFAB00EEF35E /* YHCollectionUITests.m in Sources */ = {isa = PBXBuildFile; fileRef = 2C3E6BE71C87DFAB00EEF35E /* YHCollectionUITests.m */; };
/* End PBXBuildFile section */

/* Begin PBXContainerItemProxy section */
		2C3E6BD91C87DFAB00EEF35E /* PBXContainerItemProxy */ = {
			isa = PBXContainerItemProxy;
			containerPortal = 2C3E6BB71C87DFAA00EEF35E /* Project object */;
			proxyType = 1;
			remoteGlobalIDString = 2C3E6BBE1C87DFAA00EEF35E;
			remoteInfo = YHCollection;
		};
		2C3E6BE41C87DFAB00EEF35E /* PBXContainerItemProxy */ = {
			isa = PBXContainerItemProxy;
			containerPortal = 2C3E6BB71C87DFAA00EEF35E /* Project object */;
			proxyType = 1;
			remoteGlobalIDString = 2C3E6BBE1C87DFAA00EEF35E;
			remoteInfo = YHCollection;
		};
/* End PBXContainerItemProxy section */

/* Begin PBXFileReference section */
		2C3E6BBF1C87DFAA00EEF35E /* YHCollection.app */ = {isa = PBXFileReference; explicitFileType = wrapper.application; includeInIndex = 0; path = YHCollection.app; sourceTree = BUILT_PRODUCTS_DIR; };
		2C3E6BC31C87DFAA00EEF35E /* main.m */ = {isa = PBXFileReference; lastKnownFileType = sourcecode.c.objc; path = main.m; sourceTree = "<group>"; };
		2C3E6BC51C87DFAA00EEF35E /* AppDelegate.h */ = {isa = PBXFileReference; lastKnownFileType = sourcecode.c.h; path = AppDelegate.h; sourceTree = "<group>"; };
		2C3E6BC61C87DFAA00EEF35E /* AppDelegate.m */ = {isa = PBXFileReference; lastKnownFileType = sourcecode.c.objc; path = AppDelegate.m; sourceTree = "<group>"; };
		2C3E6BC81C87DFAA00EEF35E /* ViewController.h */ = {isa = PBXFileReference; lastKnownFileType = sourcecode.c.h; path = ViewController.h; sourceTree = "<group>"; };
		2C3E6BC91C87DFAA00EEF35E /* ViewController.m */ = {isa = PBXFileReference; lastKnownFileType = sourcecode.c.objc; path = ViewController.m; sourceTree = "<group>"; };
		2C3E6BCC1C87DFAA00EEF35E /* Base */ = {isa = PBXFileReference; lastKnownFileType = file.storyboard; name = Base; path = Base.lproj/Main.storyboard; sourceTree = "<group>"; };
		2C3E6BCE1C87DFAB00EEF35E /* Assets.xcassets */ = {isa = PBXFileReference; lastKnownFileType = folder.assetcatalog; path = Assets.xcassets; sourceTree = "<group>"; };
		2C3E6BD11C87DFAB00EEF35E /* Base */ = {isa = PBXFileReference; lastKnownFileType = file.storyboard; name = Base; path = Base.lproj/LaunchScreen.storyboard; sourceTree = "<group>"; };
		2C3E6BD31C87DFAB00EEF35E /* Info.plist */ = {isa = PBXFileReference; lastKnownFileType = text.plist.xml; path = Info.plist; sourceTree = "<group>"; };
		2C3E6BD81C87DFAB00EEF35E /* YHCollectionTests.xctest */ = {isa = PBXFileReference; explicitFileType = wrapper.cfbundle; includeInIndex = 0; path = YHCollectionTests.xctest; sourceTree = BUILT_PRODUCTS_DIR; };
		2C3E6BDC1C87DFAB00EEF35E /* YHCollectionTests.m */ = {isa = PBXFileReference; lastKnownFileType = sourcecode.c.objc; path = YHCollectionTests.m; sourceTree = "<group>"; };
		2C3E6BDE1C87DFAB00EEF35E /* Info.plist */ = {isa = PBXFileReference; lastKnownFileType = text.plist.xml; path = Info.plist; sourceTree = "<group>"; };
		2C3E6BE31C87DFAB00EEF35E /* YHCollectionUITests.xctest */ = {isa = PBXFileReference; explicitFileType = wrapper.cfbundle; includeInIndex = 0; path = YHCollectionUITests.xctest; sourceTree = BUILT_PRODUCTS_DIR; };
		2C3E6BE71C87DFAB00EEF35E /* YHCollectionUITests.m */ = {isa = PBXFileReference; lastKnownFileType = sourcecode.c.objc; path = YHCollectionUITests.m; sourceTree = "<group>"; };
		2C3E6BE91C87DFAB00EEF35E /* Info.plist */ = {isa = PBXFileReference; lastKnownFileType = text.plist.xml; path = Info.plist; sourceTree = "<group>"; };
/* End PBXFileReference section */

/* Begin PBXFrameworksBuildPhase section */
		2C3E6BBC1C87DFAA00EEF35E /* Frameworks */ = {
			isa = PBXFrameworksBuildPhase;
			buildActionMask = 2147483647;
			files = (
			);
			runOnlyForDeploymentPostprocessing = 0;
		};
		2C3E6BD51C87DFAB00EEF35E /* Frameworks */ = {
			isa = PBXFrameworksBuildPhase;
			buildActionMask = 2147483647;
			files = (
			);
			runOnlyForDeploymentPostprocessing = 0;
		};
		2C3E6BE01C87DFAB00EEF35E /* Frameworks */ = {
			isa = PBXFrameworksBuildPhase;
			buildActionMask = 2147483647;
			files = (
			);
			runOnlyForDeploymentPostprocessing = 0;
		};
/* End PBXFrameworksBuildPhase section */

/* Begin PBXGroup section */
		2C3E6BB61C87DFAA00EEF35E = {
			isa = PBXGroup;
			children = (
				2C3E6BC11C87DFAA00EEF35E /* YHCollection */,
				2C3E6BDB1C87DFAB00EEF35E /* YHCollectionTests */,
				2C3E6BE61C87DFAB00EEF35E /* YHCollectionUITests */,
				2C3E6BC01C87DFAA00EEF35E /* Products */,
			);
			sourceTree = "<group>";
		};
		2C3E6BC01C87DFAA00EEF35E /* Products */ = {
			isa = PBXGroup;
			children = (
				2C3E6BBF1C87DFAA00EEF35E /* YHCollection.app */,
				2C3E6BD81C87DFAB00EEF35E /* YHCollectionTests.xctest */,
				2C3E6BE31C87DFAB00EEF35E /* YHCollectionUITests.xctest */,
			);
			name = Products;
			sourceTree = "<group>";
		};
		2C3E6BC11C87DFAA00EEF35E /* YHCollection */ = {
			isa = PBXGroup;
			children = (
				2C3E6BC51C87DFAA00EEF35E /* AppDelegate.h */,
				2C3E6BC61C87DFAA00EEF35E /* AppDelegate.m */,
				2C3E6BC81C87DFAA00EEF35E /* ViewController.h */,
				2C3E6BC91C87DFAA00EEF35E /* ViewController.m */,
				2C3E6BCB1C87DFAA00EEF35E /* Main.storyboard */,
				2C3E6BCE1C87DFAB00EEF35E /* Assets.xcassets */,
				2C3E6BD01C87DFAB00EEF35E /* LaunchScreen.storyboard */,
				2C3E6BD31C87DFAB00EEF35E /* Info.plist */,
				2C3E6BC21C87DFAA00EEF35E /* Supporting Files */,
			);
			path = YHCollection;
			sourceTree = "<group>";
		};
		2C3E6BC21C87DFAA00EEF35E /* Supporting Files */ = {
			isa = PBXGroup;
			children = (
				2C3E6BC31C87DFAA00EEF35E /* main.m */,
			);
			name = "Supporting Files";
			sourceTree = "<group>";
		};
		2C3E6BDB1C87DFAB00EEF35E /* YHCollectionTests */ = {
			isa = PBXGroup;
			children = (
				2C3E6BDC1C87DFAB00EEF35E /* YHCollectionTests.m */,
				2C3E6BDE1C87DFAB00EEF35E /* Info.plist */,
			);
			path = YHCollectionTests;
			sourceTree = "<group>";
		};
		2C3E6BE61C87DFAB00EEF35E /* YHCollectionUITests */ = {
			isa = PBXGroup;
			children = (
				2C3E6BE71C87DFAB00EEF35E /* YHCollectionUITests.m */,
				2C3E6BE91C87DFAB00EEF35E /* Info.plist */,
			);
			path = YHCollectionUITests;
			sourceTree = "<group>";
		};
/* End PBXGroup section */

/* Begin PBXNativeTarget section */
		2C3E6BBE1C87DFAA00EEF35E /* YHCollection */ = {
			isa = PBXNativeTarget;
			buildConfigurationList = 2C3E6BEC1C87DFAB00EEF35E /* Build configuration list for PBXNativeTarget "YHCollection" */;
			buildPhases = (
				2C3E6BBB1C87DFAA00EEF35E /* Sources */,
				2C3E6BBC1C87DFAA00EEF35E /* Frameworks */,
				2C3E6BBD1C87DFAA00EEF35E /* Resources */,
			);
			buildRules = (
			);
			dependencies = (
			);
			name = YHCollection;
			productName = YHCollection;
			productReference = 2C3E6BBF1C87DFAA00EEF35E /* YHCollection.app */;
			productType = "com.apple.product-type.application";
		};
		2C3E6BD71C87DFAB00EEF35E /* YHCollectionTests */ = {
			isa = PBXNativeTarget;
			buildConfigurationList = 2C3E6BEF1C87DFAB00EEF35E /* Build configuration list for PBXNativeTarget "YHCollectionTests" */;
			buildPhases = (
				2C3E6BD41C87DFAB00EEF35E /* Sources */,
				2C3E6BD51C87DFAB00EEF35E /* Frameworks */,
				2C3E6BD61C87DFAB00EEF35E /* Resources */,
			);
			buildRules = (
			);
			dependencies = (
				2C3E6BDA1C87DFAB00EEF35E /* PBXTargetDependency */,
			);
			name = YHCollectionTests;
			productName = YHCollectionTests;
			productReference = 2C3E6BD81C87DFAB00EEF35E /* YHCollectionTests.xctest */;
			productType = "com.apple.product-type.bundle.unit-test";
		};
		2C3E6BE21C87DFAB00EEF35E /* YHCollectionUITests */ = {
			isa = PBXNativeTarget;
			buildConfigurationList = 2C3E6BF21C87DFAB00EEF35E /* Build configuration list for PBXNativeTarget "YHCollectionUITests" */;
			buildPhases = (
				2C3E6BDF1C87DFAB00EEF35E /* Sources */,
				2C3E6BE01C87DFAB00EEF35E /* Frameworks */,
				2C3E6BE11C87DFAB00EEF35E /* Resources */,
			);
			buildRules = (
			);
			dependencies = (
				2C3E6BE51C87DFAB00EEF35E /* PBXTargetDependency */,
			);
			name = YHCollectionUITests;
			productName = YHCollectionUITests;
			productReference = 2C3E6BE31C87DFAB00EEF35E /* YHCollectionUITests.xctest */;
			productType = "com.apple.product-type.bundle.ui-testing";
		};
/* End PBXNativeTarget section */

/* Begin PBXProject section */
		2C3E6BB71C87DFAA00EEF35E /* Project object */ = {
			isa = PBXProject;
			attributes = {
				LastUpgradeCheck = 0710;
				ORGANIZATIONNAME = yanghang;
				TargetAttributes = {
					2C3E6BBE1C87DFAA00EEF35E = {
						CreatedOnToolsVersion = 7.1.1;
					};
					2C3E6BD71C87DFAB00EEF35E = {
						CreatedOnToolsVersion = 7.1.1;
						TestTargetID = 2C3E6BBE1C87DFAA00EEF35E;
					};
					2C3E6BE21C87DFAB00EEF35E = {
						CreatedOnToolsVersion = 7.1.1;
						TestTargetID = 2C3E6BBE1C87DFAA00EEF35E;
					};
				};
			};
			buildConfigurationList = 2C3E6BBA1C87DFAA00EEF35E /* Build configuration list for PBXProject "YHCollection" */;
			compatibilityVersion = "Xcode 3.2";
			developmentRegion = English;
			hasScannedForEncodings = 0;
			knownRegions = (
				en,
				Base,
			);
			mainGroup = 2C3E6BB61C87DFAA00EEF35E;
			productRefGroup = 2C3E6BC01C87DFAA00EEF35E /* Products */;
			projectDirPath = "";
			projectRoot = "";
			targets = (
				2C3E6BBE1C87DFAA00EEF35E /* YHCollection */,
				2C3E6BD71C87DFAB00EEF35E /* YHCollectionTests */,
				2C3E6BE21C87DFAB00EEF35E /* YHCollectionUITests */,
			);
		};
/* End PBXProject section */

/* Begin PBXResourcesBuildPhase section */
		2C3E6BBD1C87DFAA00EEF35E /* Resources */ = {
			isa = PBXResourcesBuildPhase;
			buildActionMask = 2147483647;
			files = (
				2C3E6BD21C87DFAB00EEF35E /* LaunchScreen.storyboard in Resources */,
				2C3E6BCF1C87DFAB00EEF35E /* Assets.xcassets in Resources */,
				2C3E6BCD1C87DFAA00EEF35E /* Main.storyboard in Resources */,
			);
			runOnlyForDeploymentPostprocessing = 0;
		};
		2C3E6BD61C87DFAB00EEF35E /* Resources */ = {
			isa = PBXResourcesBuildPhase;
			buildActionMask = 2147483647;
			files = (
			);
			runOnlyForDeploymentPostprocessing = 0;
		};
		2C3E6BE11C87DFAB00EEF35E /* Resources */ = {
			isa = PBXResourcesBuildPhase;
			buildActionMask = 2147483647;
			files = (
			);
			runOnlyForDeploymentPostprocessing = 0;
		};
/* End PBXResourcesBuildPhase section */

/* Begin PBXSourcesBuildPhase section */
		2C3E6BBB1C87DFAA00EEF35E /* Sources */ = {
			isa = PBXSourcesBuildPhase;
			buildActionMask = 2147483647;
			files = (
				2C3E6BCA1C87DFAA00EEF35E /* ViewController.m in Sources */,
				2C3E6BC71C87DFAA00EEF35E /* AppDelegate.m in Sources */,
				2C3E6BC41C87DFAA00EEF35E /* main.m in Sources */,
			);
			runOnlyForDeploymentPostprocessing = 0;
		};
		2C3E6BD41C87DFAB00EEF35E /* Sources */ = {
			isa = PBXSourcesBuildPhase;
			buildActionMask = 2147483647;
			files = (
				2C3E6BDD1C87DFAB00EEF35E /* YHCollectionTests.m in Sources */,
			);
			runOnlyForDeploymentPostprocessing = 0;
		};
		2C3E6BDF1C87DFAB00EEF35E /* Sources */ = {
			isa = PBXSourcesBuildPhase;
			buildActionMask = 2147483647;
			files = (
				2C3E6BE81C87DFAB00EEF35E /* YHCollectionUITests.m in Sources */,
			);
			runOnlyForDeploymentPostprocessing = 0;
		};
/* End PBXSourcesBuildPhase section */

/* Begin PBXTargetDependency section */
		2C3E6BDA1C87DFAB00EEF35E /* PBXTargetDependency */ = {
			isa = PBXTargetDependency;
			target = 2C3E6BBE1C87DFAA00EEF35E /* YHCollection */;
			targetProxy = 2C3E6BD91C87DFAB00EEF35E /* PBXContainerItemProxy */;
		};
		2C3E6BE51C87DFAB00EEF35E /* PBXTargetDependency */ = {
			isa = PBXTargetDependency;
			target = 2C3E6BBE1C87DFAA00EEF35E /* YHCollection */;
			targetProxy = 2C3E6BE41C87DFAB00EEF35E /* PBXContainerItemProxy */;
		};
/* End PBXTargetDependency section */

/* Begin PBXVariantGroup section */
		2C3E6BCB1C87DFAA00EEF35E /* Main.storyboard */ = {
			isa = PBXVariantGroup;
			children = (
				2C3E6BCC1C87DFAA00EEF35E /* Base */,
			);
			name = Main.storyboard;
			sourceTree = "<group>";
		};
		2C3E6BD01C87DFAB00EEF35E /* LaunchScreen.storyboard */ = {
			isa = PBXVariantGroup;
			children = (
				2C3E6BD11C87DFAB00EEF35E /* Base */,
			);
			name = LaunchScreen.storyboard;
			sourceTree = "<group>";
		};
/* End PBXVariantGroup section */

/* Begin XCBuildConfiguration section */
		2C3E6BEA1C87DFAB00EEF35E /* Debug */ = {
			isa = XCBuildConfiguration;
			buildSettings = {
				ALWAYS_SEARCH_USER_PATHS = NO;
				CLANG_CXX_LANGUAGE_STANDARD = "gnu++0x";
				CLANG_CXX_LIBRARY = "libc++";
				CLANG_ENABLE_MODULES = YES;
				CLANG_ENABLE_OBJC_ARC = YES;
				CLANG_WARN_BOOL_CONVERSION = YES;
				CLANG_WARN_CONSTANT_CONVERSION = YES;
				CLANG_WARN_DIRECT_OBJC_ISA_USAGE = YES_ERROR;
				CLANG_WARN_EMPTY_BODY = YES;
				CLANG_WARN_ENUM_CONVERSION = YES;
				CLANG_WARN_INT_CONVERSION = YES;
				CLANG_WARN_OBJC_ROOT_CLASS = YES_ERROR;
				CLANG_WARN_UNREACHABLE_CODE = YES;
				CLANG_WARN__DUPLICATE_METHOD_MATCH = YES;
				"CODE_SIGN_IDENTITY[sdk=iphoneos*]" = "iPhone Developer";
				COPY_PHASE_STRIP = NO;
				DEBUG_INFORMATION_FORMAT = dwarf;
				ENABLE_STRICT_OBJC_MSGSEND = YES;
				ENABLE_TESTABILITY = YES;
				GCC_C_LANGUAGE_STANDARD = gnu99;
				GCC_DYNAMIC_NO_PIC = NO;
				GCC_NO_COMMON_BLOCKS = YES;
				GCC_OPTIMIZATION_LEVEL = 0;
				GCC_PREPROCESSOR_DEFINITIONS = (
					"DEBUG=1",
					"$(inherited)",
				);
				GCC_WARN_64_TO_32_BIT_CONVERSION = YES;
				GCC_WARN_ABOUT_RETURN_TYPE = YES_ERROR;
				GCC_WARN_UNDECLARED_SELECTOR = YES;
				GCC_WARN_UNINITIALIZED_AUTOS = YES_AGGRESSIVE;
				GCC_WARN_UNUSED_FUNCTION = YES;
				GCC_WARN_UNUSED_VARIABLE = YES;
				IPHONEOS_DEPLOYMENT_TARGET = 9.1;
				MTL_ENABLE_DEBUG_INFO = YES;
				ONLY_ACTIVE_ARCH = YES;
				SDKROOT = iphoneos;
				TARGETED_DEVICE_FAMILY = "1,2";
			};
			name = Debug;
		};
		2C3E6BEB1C87DFAB00EEF35E /* Release */ = {
			isa = XCBuildConfiguration;
			buildSettings = {
				ALWAYS_SEARCH_USER_PATHS = NO;
				CLANG_CXX_LANGUAGE_STANDARD = "gnu++0x";
				CLANG_CXX_LIBRARY = "libc++";
				CLANG_ENABLE_MODULES = YES;
				CLANG_ENABLE_OBJC_ARC = YES;
				CLANG_WARN_BOOL_CONVERSION = YES;
				CLANG_WARN_CONSTANT_CONVERSION = YES;
				CLANG_WARN_DIRECT_OBJC_ISA_USAGE = YES_ERROR;
				CLANG_WARN_EMPTY_BODY = YES;
				CLANG_WARN_ENUM_CONVERSION = YES;
				CLANG_WARN_INT_CONVERSION = YES;
				CLANG_WARN_OBJC_ROOT_CLASS = YES_ERROR;
				CLANG_WARN_UNREACHABLE_CODE = YES;
				CLANG_WARN__DUPLICATE_METHOD_MATCH = YES;
				"CODE_SIGN_IDENTITY[sdk=iphoneos*]" = "iPhone Developer";
				COPY_PHASE_STRIP = NO;
				DEBUG_INFORMATION_FORMAT = "dwarf-with-dsym";
				ENABLE_NS_ASSERTIONS = NO;
				ENABLE_STRICT_OBJC_MSGSEND = YES;
				GCC_C_LANGUAGE_STANDARD = gnu99;
				GCC_NO_COMMON_BLOCKS = YES;
				GCC_WARN_64_TO_32_BIT_CONVERSION = YES;
				GCC_WARN_ABOUT_RETURN_TYPE = YES_ERROR;
				GCC_WARN_UNDECLARED_SELECTOR = YES;
				GCC_WARN_UNINITIALIZED_AUTOS = YES_AGGRESSIVE;
				GCC_WARN_UNUSED_FUNCTION = YES;
				GCC_WARN_UNUSED_VARIABLE = YES;
				IPHONEOS_DEPLOYMENT_TARGET = 9.1;
				MTL_ENABLE_DEBUG_INFO = NO;
				SDKROOT = iphoneos;
				TARGETED_DEVICE_FAMILY = "1,2";
				VALIDATE_PRODUCT = YES;
			};
			name = Release;
		};
		2C3E6BED1C87DFAB00EEF35E /* Debug */ = {
			isa = XCBuildConfiguration;
			buildSettings = {
				ASSETCATALOG_COMPILER_APPICON_NAME = AppIcon;
				INFOPLIST_FILE = YHCollection/Info.plist;
				LD_RUNPATH_SEARCH_PATHS = "$(inherited) @executable_path/Frameworks";
				PRODUCT_BUNDLE_IDENTIFIER = "com.-driveSafe.yanghang.YHCollection";
				PRODUCT_NAME = "$(TARGET_NAME)";
			};
			name = Debug;
		};
		2C3E6BEE1C87DFAB00EEF35E /* Release */ = {
			isa = XCBuildConfiguration;
			buildSettings = {
				ASSETCATALOG_COMPILER_APPICON_NAME = AppIcon;
				INFOPLIST_FILE = YHCollection/Info.plist;
				LD_RUNPATH_SEARCH_PATHS = "$(inherited) @executable_path/Frameworks";
				PRODUCT_BUNDLE_IDENTIFIER = "com.-driveSafe.yanghang.YHCollection";
				PRODUCT_NAME = "$(TARGET_NAME)";
			};
			name = Release;
		};
		2C3E6BF01C87DFAB00EEF35E /* Debug */ = {
			isa = XCBuildConfiguration;
			buildSettings = {
				BUNDLE_LOADER = "$(TEST_HOST)";
				INFOPLIST_FILE = YHCollectionTests/Info.plist;
				LD_RUNPATH_SEARCH_PATHS = "$(inherited) @executable_path/Frameworks @loader_path/Frameworks";
				PRODUCT_BUNDLE_IDENTIFIER = "com.-driveSafe.yanghang.YHCollectionTests";
				PRODUCT_NAME = "$(TARGET_NAME)";
				TEST_HOST = "$(BUILT_PRODUCTS_DIR)/YHCollection.app/YHCollection";
			};
			name = Debug;
		};
		2C3E6BF11C87DFAB00EEF35E /* Release */ = {
			isa = XCBuildConfiguration;
			buildSettings = {
				BUNDLE_LOADER = "$(TEST_HOST)";
				INFOPLIST_FILE = YHCollectionTests/Info.plist;
				LD_RUNPATH_SEARCH_PATHS = "$(inherited) @executable_path/Frameworks @loader_path/Frameworks";
				PRODUCT_BUNDLE_IDENTIFIER = "com.-driveSafe.yanghang.YHCollectionTests";
				PRODUCT_NAME = "$(TARGET_NAME)";
				TEST_HOST = "$(BUILT_PRODUCTS_DIR)/YHCollection.app/YHCollection";
			};
			name = Release;
		};
		2C3E6BF31C87DFAB00EEF35E /* Debug */ = {
			isa = XCBuildConfiguration;
			buildSettings = {
				INFOPLIST_FILE = YHCollectionUITests/Info.plist;
				LD_RUNPATH_SEARCH_PATHS = "$(inherited) @executable_path/Frameworks @loader_path/Frameworks";
				PRODUCT_BUNDLE_IDENTIFIER = "com.-driveSafe.yanghang.YHCollectionUITests";
				PRODUCT_NAME = "$(TARGET_NAME)";
				TEST_TARGET_NAME = YHCollection;
				USES_XCTRUNNER = YES;
			};
			name = Debug;
		};
		2C3E6BF41C87DFAB00EEF35E /* Release */ = {
			isa = XCBuildConfiguration;
			buildSettings = {
				INFOPLIST_FILE = YHCollectionUITests/Info.plist;
				LD_RUNPATH_SEARCH_PATHS = "$(inherited) @executable_path/Frameworks @loader_path/Frameworks";
				PRODUCT_BUNDLE_IDENTIFIER = "com.-driveSafe.yanghang.YHCollectionUITests";
				PRODUCT_NAME = "$(TARGET_NAME)";
				TEST_TARGET_NAME = YHCollection;
				USES_XCTRUNNER = YES;
			};
			name = Release;
		};
/* End XCBuildConfiguration section */

/* Begin XCConfigurationList section */
		2C3E6BBA1C87DFAA00EEF35E /* Build configuration list for PBXProject "YHCollection" */ = {
			isa = XCConfigurationList;
			buildConfigurations = (
				2C3E6BEA1C87DFAB00EEF35E /* Debug */,
				2C3E6BEB1C87DFAB00EEF35E /* Release */,
			);
			defaultConfigurationIsVisible = 0;
			defaultConfigurationName = Release;
		};
		2C3E6BEC1C87DFAB00EEF35E /* Build configuration list for PBXNativeTarget "YHCollection" */ = {
			isa = XCConfigurationList;
			buildConfigurations = (
				2C3E6BED1C87DFAB00EEF35E /* Debug */,
				2C3E6BEE1C87DFAB00EEF35E /* Release */,
			);
			defaultConfigurationIsVisible = 0;
		};
		2C3E6BEF1C87DFAB00EEF35E /* Build configuration list for PBXNativeTarget "YHCollectionTests" */ = {
			isa = XCConfigurationList;
			buildConfigurations = (
				2C3E6BF01C87DFAB00EEF35E /* Debug */,
				2C3E6BF11C87DFAB00EEF35E /* Release */,
			);
			defaultConfigurationIsVisible = 0;
		};
		2C3E6BF21C87DFAB00EEF35E /* Build configuration list for PBXNativeTarget "YHCollectionUITests" */ = {
			isa = XCConfigurationList;
			buildConfigurations = (
				2C3E6BF31C87DFAB00EEF35E /* Debug */,
				2C3E6BF41C87DFAB00EEF35E /* Release */,
			);
			defaultConfigurationIsVisible = 0;
		};
/* End XCConfigurationList section */
	};
	rootObject = 2C3E6BB71C87DFAA00EEF35E /* Project object */;
}
